
Microsoft Visual Studio Solution File, Format Version 12.00
# Visual Studio Version 17
VisualStudioVersion = 17.7.34031.279
MinimumVisualStudioVersion = 10.0.40219.1
Project("{9A19103F-16F7-4668-BE54-9A1E7A4F7556}") = "YouTubeTest", "YouTubeTest\YouTubeTest.csproj", "{1FC9B031-C4BD-4CDC-B294-0DC3AD811AC5}"
EndProject
Project("{2150E333-8FDC-42A3-9474-1A3956D46DE8}") = "Solution Items", "Solution Items", "{D991533C-551E-4A4C-B350-A6D232EC9299}"
	ProjectSection(SolutionItems) = preProject
		.runsettings = .runsettings
	EndProjectSection
EndProject
Project("{9A19103F-16F7-4668-BE54-9A1E7A4F7556}") = "YouTubePlaywrightTests", "YouTubePlaywrightTests\YouTubePlaywrightTests.csproj", "{C29B9E66-B8C4-4109-993F-80C6A01C4C61}"
EndProject
Project("{FAE04EC0-301F-11D3-BF4B-00C04F79EFBC}") = "YouTubeScreenPlayTest", "YouTubeScreenPlayTest\YouTubeScreenPlayTest.csproj", "{088333B7-52AB-474B-8474-B6346F1B6C87}"
EndProject
Global
	GlobalSection(SolutionConfigurationPlatforms) = preSolution
		Debug|Any CPU = Debug|Any CPU
		Release|Any CPU = Release|Any CPU
	EndGlobalSection
	GlobalSection(ProjectConfigurationPlatforms) = postSolution
		{1FC9B031-C4BD-4CDC-B294-0DC3AD811AC5}.Debug|Any CPU.ActiveCfg = Debug|Any CPU
		{1FC9B031-C4BD-4CDC-B294-0DC3AD811AC5}.Debug|Any CPU.Build.0 = Debug|Any CPU
		{1FC9B031-C4BD-4CDC-B294-0DC3AD811AC5}.Release|Any CPU.ActiveCfg = Release|Any CPU
		{1FC9B031-C4BD-4CDC-B294-0DC3AD811AC5}.Release|Any CPU.Build.0 = Release|Any CPU
		{C29B9E66-B8C4-4109-993F-80C6A01C4C61}.Debug|Any CPU.ActiveCfg = Debug|Any CPU
		{C29B9E66-B8C4-4109-993F-80C6A01C4C61}.Debug|Any CPU.Build.0 = Debug|Any CPU
		{C29B9E66-B8C4-4109-993F-80C6A01C4C61}.Release|Any CPU.ActiveCfg = Release|Any CPU
		{C29B9E66-B8C4-4109-993F-80C6A01C4C61}.Release|Any CPU.Build.0 = Release|Any CPU
		{088333B7-52AB-474B-8474-B6346F1B6C87}.Debug|Any CPU.ActiveCfg = Debug|Any CPU
		{088333B7-52AB-474B-8474-B6346F1B6C87}.Debug|Any CPU.Build.0 = Debug|Any CPU
		{088333B7-52AB-474B-8474-B6346F1B6C87}.Release|Any CPU.ActiveCfg = Release|Any CPU
		{088333B7-52AB-474B-8474-B6346F1B6C87}.Release|Any CPU.Build.0 = Release|Any CPU
	EndGlobalSection
	GlobalSection(SolutionProperties) = preSolution
		HideSolutionNode = FALSE
	EndGlobalSection
	GlobalSection(ExtensibilityGlobals) = postSolution
		SolutionGuid = {7A49E13B-AFA3-4C9C-B41E-01E4CCE4C728}
	EndGlobalSection
EndGlobal
